
Microsoft Visual Studio Solution File, Format Version 12.00
# Visual Studio Version 17
VisualStudioVersion = 17.12.35707.178
MinimumVisualStudioVersion = 10.0.40219.1
Project("{2150E333-8FDC-42A3-9474-1A3956D46DE8}") = "Solution Items", "Solution Items", "{D91E6C81-6E42-4450-AFE0-EECA48D17A0C}"
	ProjectSection(SolutionItems) = preProject
		.editorconfig = .editorconfig
		.gitattributes = .gitattributes
		.gitignore = .gitignore
		README.md = README.md
	EndProjectSection
EndProject
Project("{FAE04EC0-301F-11D3-BF4B-00C04F79EFBC}") = "Logitar.Kraken.Core", "src\Logitar.Kraken.Core\Logitar.Kraken.Core.csproj", "{41D60DF6-97A3-4B35-A25D-466753A84DD3}"
EndProject
Project("{FAE04EC0-301F-11D3-BF4B-00C04F79EFBC}") = "Logitar.Kraken.Contracts", "src\Logitar.Kraken.Contracts\Logitar.Kraken.Contracts.csproj", "{CAF62299-6795-4009-9792-3026BACB3984}"
EndProject
Project("{2150E333-8FDC-42A3-9474-1A3956D46DE8}") = "Tests", "Tests", "{E09C9002-7C75-4A09-9A52-E3B1E5821134}"
EndProject
Project("{FAE04EC0-301F-11D3-BF4B-00C04F79EFBC}") = "Logitar.Kraken.Tests", "tests\Logitar.Kraken.Tests\Logitar.Kraken.Tests.csproj", "{41BDC0A0-FA33-4ED7-BCFE-EB34787B9031}"
EndProject
Project("{FAE04EC0-301F-11D3-BF4B-00C04F79EFBC}") = "Logitar.Kraken.UnitTests", "tests\Logitar.Kraken.UnitTests\Logitar.Kraken.UnitTests.csproj", "{DD04B062-83C5-422D-8404-7B738FE0DA34}"
EndProject
Project("{FAE04EC0-301F-11D3-BF4B-00C04F79EFBC}") = "Logitar.Kraken.Infrastructure", "src\Logitar.Kraken.Infrastructure\Logitar.Kraken.Infrastructure.csproj", "{9A633217-B0A6-485D-A037-BA1DD44DF51F}"
EndProject
Project("{FAE04EC0-301F-11D3-BF4B-00C04F79EFBC}") = "Logitar.Kraken.Infrastructure.PostgreSQL", "src\Logitar.Kraken.Infrastructure.PostgreSQL\Logitar.Kraken.Infrastructure.PostgreSQL.csproj", "{7D4D3786-C7DB-413F-B2F5-58CB9722E313}"
EndProject
Project("{FAE04EC0-301F-11D3-BF4B-00C04F79EFBC}") = "Logitar.Kraken.Infrastructure.MongoDB", "src\Logitar.Kraken.Infrastructure.MongoDB\Logitar.Kraken.Infrastructure.MongoDB.csproj", "{687BC353-5C04-4516-933B-C952342202E3}"
EndProject
Project("{FAE04EC0-301F-11D3-BF4B-00C04F79EFBC}") = "Logitar.Kraken.Web", "src\Logitar.Kraken.Web\Logitar.Kraken.Web.csproj", "{57C220A5-0E43-409A-8FB9-57F466E5986E}"
EndProject
Project("{FAE04EC0-301F-11D3-BF4B-00C04F79EFBC}") = "Logitar.Kraken", "src\Logitar.Kraken\Logitar.Kraken.csproj", "{F47B0C96-AC0B-4186-888F-53CD4397219B}"
EndProject
Project("{FAE04EC0-301F-11D3-BF4B-00C04F79EFBC}") = "Logitar.Kraken.EntityFrameworkCore.Relational", "src\Logitar.Kraken.EntityFrameworkCore.Relational\Logitar.Kraken.EntityFrameworkCore.Relational.csproj", "{613C4639-52F3-4FA1-9FAE-135D55B3ECEB}"
EndProject
Project("{FAE04EC0-301F-11D3-BF4B-00C04F79EFBC}") = "Logitar.Kraken.EntityFrameworkCore.SqlServer", "src\Logitar.Kraken.EntityFrameworkCore.SqlServer\Logitar.Kraken.EntityFrameworkCore.SqlServer.csproj", "{7B76DDBC-0A04-4B71-9CCB-27F6CFE50CF9}"
EndProject
Global
	GlobalSection(SolutionConfigurationPlatforms) = preSolution
		Debug|Any CPU = Debug|Any CPU
		Release|Any CPU = Release|Any CPU
	EndGlobalSection
	GlobalSection(ProjectConfigurationPlatforms) = postSolution
		{41D60DF6-97A3-4B35-A25D-466753A84DD3}.Debug|Any CPU.ActiveCfg = Debug|Any CPU
		{41D60DF6-97A3-4B35-A25D-466753A84DD3}.Debug|Any CPU.Build.0 = Debug|Any CPU
		{41D60DF6-97A3-4B35-A25D-466753A84DD3}.Release|Any CPU.ActiveCfg = Release|Any CPU
		{41D60DF6-97A3-4B35-A25D-466753A84DD3}.Release|Any CPU.Build.0 = Release|Any CPU
		{CAF62299-6795-4009-9792-3026BACB3984}.Debug|Any CPU.ActiveCfg = Debug|Any CPU
		{CAF62299-6795-4009-9792-3026BACB3984}.Debug|Any CPU.Build.0 = Debug|Any CPU
		{CAF62299-6795-4009-9792-3026BACB3984}.Release|Any CPU.ActiveCfg = Release|Any CPU
		{CAF62299-6795-4009-9792-3026BACB3984}.Release|Any CPU.Build.0 = Release|Any CPU
		{41BDC0A0-FA33-4ED7-BCFE-EB34787B9031}.Debug|Any CPU.ActiveCfg = Debug|Any CPU
		{41BDC0A0-FA33-4ED7-BCFE-EB34787B9031}.Debug|Any CPU.Build.0 = Debug|Any CPU
		{41BDC0A0-FA33-4ED7-BCFE-EB34787B9031}.Release|Any CPU.ActiveCfg = Release|Any CPU
		{41BDC0A0-FA33-4ED7-BCFE-EB34787B9031}.Release|Any CPU.Build.0 = Release|Any CPU
		{DD04B062-83C5-422D-8404-7B738FE0DA34}.Debug|Any CPU.ActiveCfg = Debug|Any CPU
		{DD04B062-83C5-422D-8404-7B738FE0DA34}.Debug|Any CPU.Build.0 = Debug|Any CPU
		{DD04B062-83C5-422D-8404-7B738FE0DA34}.Release|Any CPU.ActiveCfg = Release|Any CPU
		{DD04B062-83C5-422D-8404-7B738FE0DA34}.Release|Any CPU.Build.0 = Release|Any CPU
		{9A633217-B0A6-485D-A037-BA1DD44DF51F}.Debug|Any CPU.ActiveCfg = Debug|Any CPU
		{9A633217-B0A6-485D-A037-BA1DD44DF51F}.Debug|Any CPU.Build.0 = Debug|Any CPU
		{9A633217-B0A6-485D-A037-BA1DD44DF51F}.Release|Any CPU.ActiveCfg = Release|Any CPU
		{9A633217-B0A6-485D-A037-BA1DD44DF51F}.Release|Any CPU.Build.0 = Release|Any CPU
		{7D4D3786-C7DB-413F-B2F5-58CB9722E313}.Debug|Any CPU.ActiveCfg = Debug|Any CPU
		{7D4D3786-C7DB-413F-B2F5-58CB9722E313}.Debug|Any CPU.Build.0 = Debug|Any CPU
		{7D4D3786-C7DB-413F-B2F5-58CB9722E313}.Release|Any CPU.ActiveCfg = Release|Any CPU
		{7D4D3786-C7DB-413F-B2F5-58CB9722E313}.Release|Any CPU.Build.0 = Release|Any CPU
		{687BC353-5C04-4516-933B-C952342202E3}.Debug|Any CPU.ActiveCfg = Debug|Any CPU
		{687BC353-5C04-4516-933B-C952342202E3}.Debug|Any CPU.Build.0 = Debug|Any CPU
		{687BC353-5C04-4516-933B-C952342202E3}.Release|Any CPU.ActiveCfg = Release|Any CPU
		{687BC353-5C04-4516-933B-C952342202E3}.Release|Any CPU.Build.0 = Release|Any CPU
		{57C220A5-0E43-409A-8FB9-57F466E5986E}.Debug|Any CPU.ActiveCfg = Debug|Any CPU
		{57C220A5-0E43-409A-8FB9-57F466E5986E}.Debug|Any CPU.Build.0 = Debug|Any CPU
		{57C220A5-0E43-409A-8FB9-57F466E5986E}.Release|Any CPU.ActiveCfg = Release|Any CPU
		{57C220A5-0E43-409A-8FB9-57F466E5986E}.Release|Any CPU.Build.0 = Release|Any CPU
		{F47B0C96-AC0B-4186-888F-53CD4397219B}.Debug|Any CPU.ActiveCfg = Debug|Any CPU
		{F47B0C96-AC0B-4186-888F-53CD4397219B}.Debug|Any CPU.Build.0 = Debug|Any CPU
		{F47B0C96-AC0B-4186-888F-53CD4397219B}.Release|Any CPU.ActiveCfg = Release|Any CPU
		{F47B0C96-AC0B-4186-888F-53CD4397219B}.Release|Any CPU.Build.0 = Release|Any CPU
		{613C4639-52F3-4FA1-9FAE-135D55B3ECEB}.Debug|Any CPU.ActiveCfg = Debug|Any CPU
		{613C4639-52F3-4FA1-9FAE-135D55B3ECEB}.Debug|Any CPU.Build.0 = Debug|Any CPU
		{613C4639-52F3-4FA1-9FAE-135D55B3ECEB}.Release|Any CPU.ActiveCfg = Release|Any CPU
		{613C4639-52F3-4FA1-9FAE-135D55B3ECEB}.Release|Any CPU.Build.0 = Release|Any CPU
		{7B76DDBC-0A04-4B71-9CCB-27F6CFE50CF9}.Debug|Any CPU.ActiveCfg = Debug|Any CPU
		{7B76DDBC-0A04-4B71-9CCB-27F6CFE50CF9}.Debug|Any CPU.Build.0 = Debug|Any CPU
		{7B76DDBC-0A04-4B71-9CCB-27F6CFE50CF9}.Release|Any CPU.ActiveCfg = Release|Any CPU
		{7B76DDBC-0A04-4B71-9CCB-27F6CFE50CF9}.Release|Any CPU.Build.0 = Release|Any CPU
	EndGlobalSection
	GlobalSection(SolutionProperties) = preSolution
		HideSolutionNode = FALSE
	EndGlobalSection
	GlobalSection(NestedProjects) = preSolution
		{41BDC0A0-FA33-4ED7-BCFE-EB34787B9031} = {E09C9002-7C75-4A09-9A52-E3B1E5821134}
		{DD04B062-83C5-422D-8404-7B738FE0DA34} = {E09C9002-7C75-4A09-9A52-E3B1E5821134}
	EndGlobalSection
EndGlobal
